<?xml version="1.0" encoding="utf-8"?>
<Project ToolsVersion="4.0" xmlns="http://schemas.microsoft.com/developer/msbuild/2003">
  <ItemGroup>
    <ClCompile Include="Light.cpp">
      <Filter>Source\Tools</Filter>
    </ClCompile>
    <ClCompile Include="ModuleCamera3D.cpp">
      <Filter>Source\Core\Modules</Filter>
    </ClCompile>
    <ClCompile Include="ModuleInput.cpp">
      <Filter>Source\Core\Modules</Filter>
    </ClCompile>
    <ClCompile Include="ModuleRenderer3D.cpp">
      <Filter>Source\Core\Modules</Filter>
    </ClCompile>
    <ClCompile Include="ModuleWindow.cpp">
      <Filter>Source\Core\Modules</Filter>
    </ClCompile>
    <ClCompile Include="Color.cpp">
      <Filter>Source\Tools</Filter>
    </ClCompile>
    <ClCompile Include="Globals.h">
      <Filter>Header\Globals</Filter>
    </ClCompile>
    <ClCompile Include="Application.cpp">
      <Filter>Source\Globals</Filter>
    </ClCompile>
    <ClCompile Include="Mesh.cpp">
      <Filter>Source\Tools</Filter>
    </ClCompile>
    <ClCompile Include="Loggs.cpp">
      <Filter>Source\Tools</Filter>
    </ClCompile>
    <ClCompile Include="Main.cpp">
      <Filter>Source\Globals</Filter>
    </ClCompile>
    <ClCompile Include="External\ImGui\imgui.cpp">
      <Filter>External\ImGui</Filter>
    </ClCompile>
    <ClCompile Include="External\ImGui\imgui_draw.cpp">
      <Filter>External\ImGui</Filter>
    </ClCompile>
    <ClCompile Include="External\ImGui\imgui_impl_opengl3.cpp">
      <Filter>External\ImGui</Filter>
    </ClCompile>
    <ClCompile Include="External\ImGui\imgui_impl_sdl.cpp">
      <Filter>External\ImGui</Filter>
    </ClCompile>
    <ClCompile Include="External\ImGui\imgui_widgets.cpp">
      <Filter>External\ImGui</Filter>
    </ClCompile>
    <ClCompile Include="External\ImGui\imgui_demo.cpp">
      <Filter>External\ImGui</Filter>
    </ClCompile>
    <ClCompile Include="External\ImGui\imgui_tables.cpp">
      <Filter>External\ImGui</Filter>
    </ClCompile>
    <ClCompile Include="ModuleEditor.cpp">
      <Filter>Source\Core\Modules</Filter>
    </ClCompile>
    <ClCompile Include="External\MathGeoLib\include\Geometry\AABB.cpp">
      <Filter>External\MathGeoLib</Filter>
    </ClCompile>
    <ClCompile Include="External\MathGeoLib\include\Math\BitOps.cpp">
      <Filter>External\MathGeoLib</Filter>
    </ClCompile>
    <ClCompile Include="External\MathGeoLib\include\Geometry\Capsule.cpp">
      <Filter>External\MathGeoLib</Filter>
    </ClCompile>
    <ClCompile Include="External\MathGeoLib\include\Geometry\Circle.cpp">
      <Filter>External\MathGeoLib</Filter>
    </ClCompile>
    <ClCompile Include="External\MathGeoLib\include\Time\Clock.cpp">
      <Filter>External\MathGeoLib</Filter>
    </ClCompile>
    <ClCompile Include="External\MathGeoLib\include\Geometry\Cone.cpp">
      <Filter>External\MathGeoLib</Filter>
    </ClCompile>
    <ClCompile Include="External\MathGeoLib\include\Geometry\Cylinder.cpp">
      <Filter>External\MathGeoLib</Filter>
    </ClCompile>
    <ClCompile Include="External\MathGeoLib\include\Math\float2.cpp">
      <Filter>External\MathGeoLib</Filter>
    </ClCompile>
    <ClCompile Include="External\MathGeoLib\include\Math\float3.cpp">
      <Filter>External\MathGeoLib</Filter>
    </ClCompile>
    <ClCompile Include="External\MathGeoLib\include\Math\float3x3.cpp">
      <Filter>External\MathGeoLib</Filter>
    </ClCompile>
    <ClCompile Include="External\MathGeoLib\include\Math\float3x4.cpp">
      <Filter>External\MathGeoLib</Filter>
    </ClCompile>
    <ClCompile Include="External\MathGeoLib\include\Math\float4.cpp">
      <Filter>External\MathGeoLib</Filter>
    </ClCompile>
    <ClCompile Include="External\MathGeoLib\include\Math\float4x4.cpp">
      <Filter>External\MathGeoLib</Filter>
    </ClCompile>
    <ClCompile Include="External\MathGeoLib\include\Geometry\Frustum.cpp">
      <Filter>External\MathGeoLib</Filter>
    </ClCompile>
    <ClCompile Include="External\MathGeoLib\include\Algorithm\Random\LCG.cpp">
      <Filter>External\MathGeoLib</Filter>
    </ClCompile>
    <ClCompile Include="External\MathGeoLib\include\Geometry\Line.cpp">
      <Filter>External\MathGeoLib</Filter>
    </ClCompile>
    <ClCompile Include="External\MathGeoLib\include\Geometry\LineSegment.cpp">
      <Filter>External\MathGeoLib</Filter>
    </ClCompile>
    <ClCompile Include="External\MathGeoLib\include\Math\MathFunc.cpp">
      <Filter>External\MathGeoLib</Filter>
    </ClCompile>
    <ClCompile Include="External\MathGeoLib\include\Math\MathLog.cpp">
      <Filter>External\MathGeoLib</Filter>
    </ClCompile>
    <ClCompile Include="External\MathGeoLib\include\Math\MathOps.cpp">
      <Filter>External\MathGeoLib</Filter>
    </ClCompile>
    <ClCompile Include="External\MathGeoLib\include\Geometry\OBB.cpp">
      <Filter>External\MathGeoLib</Filter>
    </ClCompile>
    <ClCompile Include="External\MathGeoLib\include\Geometry\Plane.cpp">
      <Filter>External\MathGeoLib</Filter>
    </ClCompile>
    <ClCompile Include="External\MathGeoLib\include\Geometry\Polygon.cpp">
      <Filter>External\MathGeoLib</Filter>
    </ClCompile>
    <ClCompile Include="External\MathGeoLib\include\Geometry\Polyhedron.cpp">
      <Filter>External\MathGeoLib</Filter>
    </ClCompile>
    <ClCompile Include="External\MathGeoLib\include\Math\Polynomial.cpp">
      <Filter>External\MathGeoLib</Filter>
    </ClCompile>
    <ClCompile Include="External\MathGeoLib\include\Math\Quat.cpp">
      <Filter>External\MathGeoLib</Filter>
    </ClCompile>
    <ClCompile Include="External\MathGeoLib\include\Geometry\Ray.cpp">
      <Filter>External\MathGeoLib</Filter>
    </ClCompile>
    <ClCompile Include="External\MathGeoLib\include\Geometry\Sphere.cpp">
      <Filter>External\MathGeoLib</Filter>
    </ClCompile>
    <ClCompile Include="External\MathGeoLib\include\Math\SSEMath.cpp">
      <Filter>External\MathGeoLib</Filter>
    </ClCompile>
    <ClCompile Include="External\MathGeoLib\include\Math\TransformOps.cpp">
      <Filter>External\MathGeoLib</Filter>
    </ClCompile>
    <ClCompile Include="External\MathGeoLib\include\Geometry\Triangle.cpp">
      <Filter>External\MathGeoLib</Filter>
    </ClCompile>
    <ClCompile Include="External\MathGeoLib\include\Geometry\TriangleMesh.cpp">
      <Filter>External\MathGeoLib</Filter>
    </ClCompile>
    <ClCompile Include="SegmentAbout.cpp">
      <Filter>Source\Core\Segments</Filter>
    </ClCompile>
    <ClCompile Include="SegmentConfiguration.cpp">
      <Filter>Source\Core\Segments</Filter>
    </ClCompile>
    <ClCompile Include="External\PugiXml\src\pugixml.cpp">
      <Filter>External\PugiXml</Filter>
    </ClCompile>
    <ClCompile Include="SegmentConsole.cpp">
      <Filter>Source\Core\Segments</Filter>
    </ClCompile>
    <ClCompile Include="Singleton.cpp">
      <Filter>Source\Tools</Filter>
    </ClCompile>
    <ClCompile Include="SegmentScene.cpp">
      <Filter>Source\Core\Segments</Filter>
    </ClCompile>
    <ClCompile Include="Module.cpp">
      <Filter>Source\Core\Modules</Filter>
    </ClCompile>
    <ClCompile Include="FrameBuffer.cpp">
      <Filter>Source\Core\Render</Filter>
    </ClCompile>
    <ClCompile Include="Renderer.cpp">
      <Filter>Source\Core\Render</Filter>
    </ClCompile>
    <ClCompile Include="MeshRenderer.cpp">
      <Filter>Source\Core\Render</Filter>
    </ClCompile>
    <ClCompile Include="ModuleFileSystem.cpp">
      <Filter>Source\Core\Modules</Filter>
    </ClCompile>
    <ClCompile Include="MeshImporter.cpp">
      <Filter>Source\Data</Filter>
    </ClCompile>
    <ClCompile Include="Component.cpp">
      <Filter>Source\Components</Filter>
    </ClCompile>
    <ClCompile Include="CompTransform.cpp">
      <Filter>Source\Components</Filter>
    </ClCompile>
    <ClCompile Include="CompMeshRenderer.cpp">
      <Filter>Source\Components</Filter>
    </ClCompile>
    <ClCompile Include="ModuleScene.cpp">
      <Filter>Source\Core\Modules</Filter>
    </ClCompile>
    <ClCompile Include="GameObject.cpp">
      <Filter>Source\Core\GameObject</Filter>
    </ClCompile>
    <ClCompile Include="SegmentHierarchy.cpp">
      <Filter>Source\Core\Segments</Filter>
    </ClCompile>
    <ClCompile Include="TextureImporter.cpp">
      <Filter>Source\Data</Filter>
    </ClCompile>
    <ClCompile Include="SegmentInspector.cpp">
      <Filter>Source\Core\Segments</Filter>
    </ClCompile>
    <ClCompile Include="Camera.cpp">
      <Filter>Source\Core\GameObject</Filter>
    </ClCompile>
    <ClCompile Include="CompCamera.cpp">
      <Filter>Source\Components</Filter>
    </ClCompile>
    <ClCompile Include="CompTexture.cpp">
      <Filter>Source\Components</Filter>
    </ClCompile>
    <ClCompile Include="External\GPUDetect\DeviceId.cpp">
      <Filter>External\GPUDetect</Filter>
    </ClCompile>
    <ClCompile Include="SegmentGame.cpp">
      <Filter>Source\Core\Segments</Filter>
    </ClCompile>
    <ClCompile Include="External\ImGui\misc\cpp\imgui_stdlib.cpp">
      <Filter>External\ImGui</Filter>
    </ClCompile>
    <ClCompile Include="LibraryManager.cpp">
      <Filter>Source\Data</Filter>
    </ClCompile>
    <ClCompile Include="External\ImGuiFileDialog\ImGuiFileDialog.cpp">
      <Filter>External\ImGuiFileDialog</Filter>
    </ClCompile>
    <ClCompile Include="External\ImGuizmo\GraphEditor.cpp">
      <Filter>External\ImGuizmo</Filter>
    </ClCompile>
    <ClCompile Include="External\ImGuizmo\ImCurveEdit.cpp">
      <Filter>External\ImGuizmo</Filter>
    </ClCompile>
    <ClCompile Include="External\ImGuizmo\ImGradient.cpp">
      <Filter>External\ImGuizmo</Filter>
    </ClCompile>
    <ClCompile Include="External\ImGuizmo\ImGuizmo.cpp">
      <Filter>External\ImGuizmo</Filter>
    </ClCompile>
    <ClCompile Include="External\ImGuizmo\ImSequencer.cpp">
      <Filter>External\ImGuizmo</Filter>
    </ClCompile>
    <ClCompile Include="SegmentLibrary.cpp">
      <Filter>Source\Core\Segments</Filter>
    </ClCompile>
    <ClCompile Include="Resource.cpp">
      <Filter>Source\Data\Resources</Filter>
    </ClCompile>
    <ClCompile Include="ResourceTexture.cpp">
      <Filter>Source\Data\Resources</Filter>
    </ClCompile>
    <ClCompile Include="ModuleResources.cpp">
      <Filter>Source\Core\Modules</Filter>
    </ClCompile>
    <ClCompile Include="ResourceModel.cpp">
      <Filter>Source\Data\Resources</Filter>
    </ClCompile>
    <ClCompile Include="ShaderManager.cpp">
      <Filter>Source\Core\Render\Shaders</Filter>
    </ClCompile>
    <ClCompile Include="Shader.cpp">
      <Filter>Source\Core\Render\Shaders</Filter>
    </ClCompile>
    <ClCompile Include="ResourceShader.cpp">
      <Filter>Source\Data\Resources</Filter>
    </ClCompile>
    <ClCompile Include="CompMaterial.cpp">
      <Filter>Source\Components</Filter>
    </ClCompile>
    <ClCompile Include="SegmentShaderText.cpp">
      <Filter>Source\Core\Segments</Filter>
    </ClCompile>
    <ClCompile Include="External\ImGuiColorTextEdit\TextEditor.cpp">
      <Filter>External\ImGuiColorTextEdit</Filter>
    </ClCompile>
    <ClCompile Include="Material.cpp">
      <Filter>Source\Core\Render\Materials</Filter>
    </ClCompile>
    <ClCompile Include="ResourceMaterial.cpp">
      <Filter>Source\Data\Resources</Filter>
    </ClCompile>
    <ClCompile Include="ShaderUniform.cpp">
      <Filter>Source\Core\Render\Shaders</Filter>
    </ClCompile>
  </ItemGroup>
  <ItemGroup>
    <ClInclude Include="Light.h">
      <Filter>Header\Tools</Filter>
    </ClInclude>
    <ClInclude Include="MemLeaks.h">
      <Filter>Header\Tools</Filter>
    </ClInclude>
    <ClInclude Include="ModuleCamera3D.h">
      <Filter>Header\Core\Modules</Filter>
    </ClInclude>
    <ClInclude Include="ModuleInput.h">
      <Filter>Header\Core\Modules</Filter>
    </ClInclude>
    <ClInclude Include="ModuleRenderer3D.h">
      <Filter>Header\Core\Modules</Filter>
    </ClInclude>
    <ClInclude Include="ModuleWindow.h">
      <Filter>Header\Core\Modules</Filter>
    </ClInclude>
    <ClInclude Include="Color.h">
      <Filter>Header\Tools</Filter>
    </ClInclude>
    <ClInclude Include="Application.h">
      <Filter>Header\Globals</Filter>
    </ClInclude>
    <ClInclude Include="List.h">
      <Filter>Header\Tools</Filter>
    </ClInclude>
    <ClInclude Include="Point.h">
      <Filter>Header\Tools</Filter>
    </ClInclude>
    <ClInclude Include="Mesh.h">
      <Filter>Header\Tools</Filter>
    </ClInclude>
    <ClInclude Include="Timer.hpp">
      <Filter>Header\Tools</Filter>
    </ClInclude>
    <ClInclude Include="External\ImGui\imconfig.h">
      <Filter>External\ImGui</Filter>
    </ClInclude>
    <ClInclude Include="External\ImGui\imgui.h">
      <Filter>External\ImGui</Filter>
    </ClInclude>
    <ClInclude Include="External\ImGui\imgui_impl_opengl3.h">
      <Filter>External\ImGui</Filter>
    </ClInclude>
    <ClInclude Include="External\ImGui\imgui_impl_opengl3_loader.h">
      <Filter>External\ImGui</Filter>
    </ClInclude>
    <ClInclude Include="External\ImGui\imgui_impl_sdl.h">
      <Filter>External\ImGui</Filter>
    </ClInclude>
    <ClInclude Include="External\ImGui\imgui_internal.h">
      <Filter>External\ImGui</Filter>
    </ClInclude>
    <ClInclude Include="External\ImGui\imstb_rectpack.h">
      <Filter>External\ImGui</Filter>
    </ClInclude>
    <ClInclude Include="External\ImGui\imstb_textedit.h">
      <Filter>External\ImGui</Filter>
    </ClInclude>
    <ClInclude Include="External\ImGui\imstb_truetype.h">
      <Filter>External\ImGui</Filter>
    </ClInclude>
    <ClInclude Include="ModuleEditor.h">
      <Filter>Header\Core\Modules</Filter>
    </ClInclude>
    <ClInclude Include="External\MathGeoLib\include\Geometry\AABB.h">
      <Filter>External\MathGeoLib</Filter>
    </ClInclude>
    <ClInclude Include="External\MathGeoLib\include\Geometry\AABB2D.h">
      <Filter>External\MathGeoLib</Filter>
    </ClInclude>
    <ClInclude Include="External\MathGeoLib\include\Math\assume.h">
      <Filter>External\MathGeoLib</Filter>
    </ClInclude>
    <ClInclude Include="External\MathGeoLib\include\Math\BitOps.h">
      <Filter>External\MathGeoLib</Filter>
    </ClInclude>
    <ClInclude Include="External\MathGeoLib\include\Geometry\Capsule.h">
      <Filter>External\MathGeoLib</Filter>
    </ClInclude>
    <ClInclude Include="External\MathGeoLib\include\Geometry\Circle.h">
      <Filter>External\MathGeoLib</Filter>
    </ClInclude>
    <ClInclude Include="External\MathGeoLib\include\Time\Clock.h">
      <Filter>External\MathGeoLib</Filter>
    </ClInclude>
    <ClInclude Include="External\MathGeoLib\include\Math\Complex.h">
      <Filter>External\MathGeoLib</Filter>
    </ClInclude>
    <ClInclude Include="External\MathGeoLib\include\Geometry\Cone.h">
      <Filter>External\MathGeoLib</Filter>
    </ClInclude>
    <ClInclude Include="External\MathGeoLib\include\Math\CoordinateAxisConvention.h">
      <Filter>External\MathGeoLib</Filter>
    </ClInclude>
    <ClInclude Include="External\MathGeoLib\include\Geometry\Cylinder.h">
      <Filter>External\MathGeoLib</Filter>
    </ClInclude>
    <ClInclude Include="External\MathGeoLib\include\Math\FixedPoint.h">
      <Filter>External\MathGeoLib</Filter>
    </ClInclude>
    <ClInclude Include="External\MathGeoLib\include\Math\float2.h">
      <Filter>External\MathGeoLib</Filter>
    </ClInclude>
    <ClInclude Include="External\MathGeoLib\include\Math\float3.h">
      <Filter>External\MathGeoLib</Filter>
    </ClInclude>
    <ClInclude Include="External\MathGeoLib\include\Math\float3x3.h">
      <Filter>External\MathGeoLib</Filter>
    </ClInclude>
    <ClInclude Include="External\MathGeoLib\include\Math\float3x4.h">
      <Filter>External\MathGeoLib</Filter>
    </ClInclude>
    <ClInclude Include="External\MathGeoLib\include\Math\float4.h">
      <Filter>External\MathGeoLib</Filter>
    </ClInclude>
    <ClInclude Include="External\MathGeoLib\include\Math\float4_neon.h">
      <Filter>External\MathGeoLib</Filter>
    </ClInclude>
    <ClInclude Include="External\MathGeoLib\include\Math\float4_sse.h">
      <Filter>External\MathGeoLib</Filter>
    </ClInclude>
    <ClInclude Include="External\MathGeoLib\include\Math\float4x4.h">
      <Filter>External\MathGeoLib</Filter>
    </ClInclude>
    <ClInclude Include="External\MathGeoLib\include\Math\float4x4_neon.h">
      <Filter>External\MathGeoLib</Filter>
    </ClInclude>
    <ClInclude Include="External\MathGeoLib\include\Math\float4x4_sse.h">
      <Filter>External\MathGeoLib</Filter>
    </ClInclude>
    <ClInclude Include="External\MathGeoLib\include\Math\FloatCmp.h">
      <Filter>External\MathGeoLib</Filter>
    </ClInclude>
    <ClInclude Include="External\MathGeoLib\include\Geometry\Frustum.h">
      <Filter>External\MathGeoLib</Filter>
    </ClInclude>
    <ClInclude Include="External\MathGeoLib\include\Geometry\GeometryAll.h">
      <Filter>External\MathGeoLib</Filter>
    </ClInclude>
    <ClInclude Include="External\MathGeoLib\include\Geometry\GeomType.h">
      <Filter>External\MathGeoLib</Filter>
    </ClInclude>
    <ClInclude Include="External\MathGeoLib\include\Geometry\HitInfo.h">
      <Filter>External\MathGeoLib</Filter>
    </ClInclude>
    <ClInclude Include="External\MathGeoLib\include\Geometry\KDTree.h">
      <Filter>External\MathGeoLib</Filter>
    </ClInclude>
    <ClInclude Include="External\MathGeoLib\include\Algorithm\Random\LCG.h">
      <Filter>External\MathGeoLib</Filter>
    </ClInclude>
    <ClInclude Include="External\MathGeoLib\include\Geometry\Line.h">
      <Filter>External\MathGeoLib</Filter>
    </ClInclude>
    <ClInclude Include="External\MathGeoLib\include\Geometry\LineSegment.h">
      <Filter>External\MathGeoLib</Filter>
    </ClInclude>
    <ClInclude Include="External\MathGeoLib\include\Math\MathAll.h">
      <Filter>External\MathGeoLib</Filter>
    </ClInclude>
    <ClInclude Include="External\MathGeoLib\include\MathBuildConfig.h">
      <Filter>External\MathGeoLib</Filter>
    </ClInclude>
    <ClInclude Include="External\MathGeoLib\include\Math\MathConstants.h">
      <Filter>External\MathGeoLib</Filter>
    </ClInclude>
    <ClInclude Include="External\MathGeoLib\include\Math\MathFunc.h">
      <Filter>External\MathGeoLib</Filter>
    </ClInclude>
    <ClInclude Include="External\MathGeoLib\include\MathGeoLib.h">
      <Filter>External\MathGeoLib</Filter>
    </ClInclude>
    <ClInclude Include="External\MathGeoLib\include\MathGeoLibFwd.h">
      <Filter>External\MathGeoLib</Filter>
    </ClInclude>
    <ClInclude Include="External\MathGeoLib\include\Math\MathLog.h">
      <Filter>External\MathGeoLib</Filter>
    </ClInclude>
    <ClInclude Include="External\MathGeoLib\include\Math\MathNamespace.h">
      <Filter>External\MathGeoLib</Filter>
    </ClInclude>
    <ClInclude Include="External\MathGeoLib\include\Math\MathTypes.h">
      <Filter>External\MathGeoLib</Filter>
    </ClInclude>
    <ClInclude Include="External\MathGeoLib\include\Math\MatrixProxy.h">
      <Filter>External\MathGeoLib</Filter>
    </ClInclude>
    <ClInclude Include="External\MathGeoLib\include\Math\myassert.h">
      <Filter>External\MathGeoLib</Filter>
    </ClInclude>
    <ClInclude Include="External\MathGeoLib\include\Geometry\OBB.h">
      <Filter>External\MathGeoLib</Filter>
    </ClInclude>
    <ClInclude Include="External\MathGeoLib\include\Geometry\PBVolume.h">
      <Filter>External\MathGeoLib</Filter>
    </ClInclude>
    <ClInclude Include="External\MathGeoLib\include\Geometry\Plane.h">
      <Filter>External\MathGeoLib</Filter>
    </ClInclude>
    <ClInclude Include="External\MathGeoLib\include\Geometry\Polygon.h">
      <Filter>External\MathGeoLib</Filter>
    </ClInclude>
    <ClInclude Include="External\MathGeoLib\include\Geometry\Polyhedron.h">
      <Filter>External\MathGeoLib</Filter>
    </ClInclude>
    <ClInclude Include="External\MathGeoLib\include\Math\Polynomial.h">
      <Filter>External\MathGeoLib</Filter>
    </ClInclude>
    <ClInclude Include="External\MathGeoLib\include\Geometry\QuadTree.h">
      <Filter>External\MathGeoLib</Filter>
    </ClInclude>
    <ClInclude Include="External\MathGeoLib\include\Math\Quat.h">
      <Filter>External\MathGeoLib</Filter>
    </ClInclude>
    <ClInclude Include="External\MathGeoLib\include\Math\quat_simd.h">
      <Filter>External\MathGeoLib</Filter>
    </ClInclude>
    <ClInclude Include="External\MathGeoLib\include\Geometry\Ray.h">
      <Filter>External\MathGeoLib</Filter>
    </ClInclude>
    <ClInclude Include="External\MathGeoLib\include\Math\Rect.h">
      <Filter>External\MathGeoLib</Filter>
    </ClInclude>
    <ClInclude Include="External\MathGeoLib\include\Math\Reinterpret.h">
      <Filter>External\MathGeoLib</Filter>
    </ClInclude>
    <ClInclude Include="External\MathGeoLib\include\Geometry\Sphere.h">
      <Filter>External\MathGeoLib</Filter>
    </ClInclude>
    <ClInclude Include="External\MathGeoLib\include\Math\sse_mathfun.h">
      <Filter>External\MathGeoLib</Filter>
    </ClInclude>
    <ClInclude Include="External\MathGeoLib\include\Math\SSEMath.h">
      <Filter>External\MathGeoLib</Filter>
    </ClInclude>
    <ClInclude Include="External\MathGeoLib\include\Math\TransformOps.h">
      <Filter>External\MathGeoLib</Filter>
    </ClInclude>
    <ClInclude Include="External\MathGeoLib\include\Geometry\Triangle.h">
      <Filter>External\MathGeoLib</Filter>
    </ClInclude>
    <ClInclude Include="External\MathGeoLib\include\Geometry\TriangleMesh.h">
      <Filter>External\MathGeoLib</Filter>
    </ClInclude>
    <ClInclude Include="Segment.h">
      <Filter>Header\Core\Segments</Filter>
    </ClInclude>
    <ClInclude Include="SegmentAbout.h">
      <Filter>Header\Core\Segments</Filter>
    </ClInclude>
    <ClInclude Include="ImGuiUtils.h">
      <Filter>Header\Tools</Filter>
    </ClInclude>
    <ClInclude Include="SegmentConfiguration.h">
      <Filter>Header\Core\Segments</Filter>
    </ClInclude>
    <ClInclude Include="External\PugiXml\src\pugixml.hpp">
      <Filter>External\PugiXml</Filter>
    </ClInclude>
    <ClInclude Include="External\PugiXml\src\pugiconfig.hpp">
      <Filter>External\PugiXml</Filter>
    </ClInclude>
    <ClInclude Include="SegmentConsole.h">
      <Filter>Header\Core\Segments</Filter>
    </ClInclude>
    <ClInclude Include="Loggs.h">
      <Filter>Header\Tools</Filter>
    </ClInclude>
    <ClInclude Include="SegmentScene.h">
      <Filter>Header\Core\Segments</Filter>
    </ClInclude>
    <ClInclude Include="Module.h">
      <Filter>Header\Core\Modules</Filter>
    </ClInclude>
    <ClInclude Include="FrameBuffer.h">
      <Filter>Header\Core\Render</Filter>
    </ClInclude>
    <ClInclude Include="Renderer.h">
      <Filter>Header\Core\Render</Filter>
    </ClInclude>
    <ClInclude Include="MeshRenderer.h">
      <Filter>Header\Core\Render</Filter>
    </ClInclude>
    <ClInclude Include="ModuleFileSystem.h">
      <Filter>Header\Core\Modules</Filter>
    </ClInclude>
    <ClInclude Include="MeshImporter.h">
      <Filter>Header\Data</Filter>
    </ClInclude>
    <ClInclude Include="Component.h">
      <Filter>Header\Components</Filter>
    </ClInclude>
    <ClInclude Include="CompTransform.h">
      <Filter>Header\Components</Filter>
    </ClInclude>
    <ClInclude Include="CompMeshRenderer.h">
      <Filter>Header\Components</Filter>
    </ClInclude>
    <ClInclude Include="ModuleScene.h">
      <Filter>Header\Core\Modules</Filter>
    </ClInclude>
    <ClInclude Include="GameObject.h">
      <Filter>Header\GameObjects</Filter>
    </ClInclude>
    <ClInclude Include="SegmentHierarchy.h">
      <Filter>Header\Core\Segments</Filter>
    </ClInclude>
    <ClInclude Include="External\DevIL\include\ilut_config.h">
      <Filter>External\DevIL</Filter>
    </ClInclude>
    <ClInclude Include="External\DevIL\include\devil_cpp_wrapper.hpp">
      <Filter>External\DevIL</Filter>
    </ClInclude>
    <ClInclude Include="External\DevIL\include\devil_internal_exports.h">
      <Filter>External\DevIL</Filter>
    </ClInclude>
    <ClInclude Include="External\DevIL\include\il.h">
      <Filter>External\DevIL</Filter>
    </ClInclude>
    <ClInclude Include="External\DevIL\include\il_wrap.h">
      <Filter>External\DevIL</Filter>
    </ClInclude>
    <ClInclude Include="External\DevIL\include\ilu.h">
      <Filter>External\DevIL</Filter>
    </ClInclude>
    <ClInclude Include="External\DevIL\include\ilu_region.h">
      <Filter>External\DevIL</Filter>
    </ClInclude>
    <ClInclude Include="External\DevIL\include\ilut.h">
      <Filter>External\DevIL</Filter>
    </ClInclude>
    <ClInclude Include="TextureImporter.h">
      <Filter>Header\Data</Filter>
    </ClInclude>
    <ClInclude Include="SegmentInspector.h">
      <Filter>Header\Core\Segments</Filter>
    </ClInclude>
    <ClInclude Include="Camera.h">
      <Filter>Header\GameObjects</Filter>
    </ClInclude>
    <ClInclude Include="CompCamera.h">
      <Filter>Header\Components</Filter>
    </ClInclude>
    <ClInclude Include="CompTexture.h">
      <Filter>Header\Components</Filter>
    </ClInclude>
    <ClInclude Include="External\GPUDetect\dxgi1_4.h">
      <Filter>External\GPUDetect</Filter>
    </ClInclude>
    <ClInclude Include="External\GPUDetect\DeviceId.h">
      <Filter>External\GPUDetect</Filter>
    </ClInclude>
    <ClInclude Include="SegmentGame.h">
      <Filter>Header\Core\Segments</Filter>
    </ClInclude>
    <ClInclude Include="External\ImGui\misc\cpp\imgui_stdlib.h">
      <Filter>External\ImGui</Filter>
    </ClInclude>
    <ClInclude Include="LibraryManager.h">
      <Filter>Header\Data</Filter>
    </ClInclude>
    <ClInclude Include="External\Nlohmann\detail\abi_macros.hpp">
      <Filter>External\Nlohmann</Filter>
    </ClInclude>
    <ClInclude Include="External\Nlohmann\adl_serializer.hpp">
      <Filter>External\Nlohmann</Filter>
    </ClInclude>
    <ClInclude Include="External\Nlohmann\detail\meta\call_std\begin.hpp">
      <Filter>External\Nlohmann</Filter>
    </ClInclude>
    <ClInclude Include="External\Nlohmann\detail\input\binary_reader.hpp">
      <Filter>External\Nlohmann</Filter>
    </ClInclude>
    <ClInclude Include="External\Nlohmann\detail\output\binary_writer.hpp">
      <Filter>External\Nlohmann</Filter>
    </ClInclude>
    <ClInclude Include="External\Nlohmann\byte_container_with_subtype.hpp">
      <Filter>External\Nlohmann</Filter>
    </ClInclude>
    <ClInclude Include="External\Nlohmann\detail\meta\cpp_future.hpp">
      <Filter>External\Nlohmann</Filter>
    </ClInclude>
    <ClInclude Include="External\Nlohmann\detail\meta\detected.hpp">
      <Filter>External\Nlohmann</Filter>
    </ClInclude>
    <ClInclude Include="External\Nlohmann\detail\meta\call_std\end.hpp">
      <Filter>External\Nlohmann</Filter>
    </ClInclude>
    <ClInclude Include="External\Nlohmann\detail\exceptions.hpp">
      <Filter>External\Nlohmann</Filter>
    </ClInclude>
    <ClInclude Include="External\Nlohmann\detail\conversions\from_json.hpp">
      <Filter>External\Nlohmann</Filter>
    </ClInclude>
    <ClInclude Include="External\Nlohmann\detail\hash.hpp">
      <Filter>External\Nlohmann</Filter>
    </ClInclude>
    <ClInclude Include="External\Nlohmann\thirdparty\hedley\hedley.hpp">
      <Filter>External\Nlohmann</Filter>
    </ClInclude>
    <ClInclude Include="External\Nlohmann\thirdparty\hedley\hedley_undef.hpp">
      <Filter>External\Nlohmann</Filter>
    </ClInclude>
    <ClInclude Include="External\Nlohmann\detail\meta\identity_tag.hpp">
      <Filter>External\Nlohmann</Filter>
    </ClInclude>
    <ClInclude Include="External\Nlohmann\detail\input\input_adapters.hpp">
      <Filter>External\Nlohmann</Filter>
    </ClInclude>
    <ClInclude Include="External\Nlohmann\detail\iterators\internal_iterator.hpp">
      <Filter>External\Nlohmann</Filter>
    </ClInclude>
    <ClInclude Include="External\Nlohmann\detail\meta\is_sax.hpp">
      <Filter>External\Nlohmann</Filter>
    </ClInclude>
    <ClInclude Include="External\Nlohmann\detail\iterators\iter_impl.hpp">
      <Filter>External\Nlohmann</Filter>
    </ClInclude>
    <ClInclude Include="External\Nlohmann\detail\iterators\iteration_proxy.hpp">
      <Filter>External\Nlohmann</Filter>
    </ClInclude>
    <ClInclude Include="External\Nlohmann\detail\iterators\iterator_traits.hpp">
      <Filter>External\Nlohmann</Filter>
    </ClInclude>
    <ClInclude Include="External\Nlohmann\json.hpp">
      <Filter>External\Nlohmann</Filter>
    </ClInclude>
    <ClInclude Include="External\Nlohmann\json_fwd.hpp">
      <Filter>External\Nlohmann</Filter>
    </ClInclude>
    <ClInclude Include="External\Nlohmann\detail\json_pointer.hpp">
      <Filter>External\Nlohmann</Filter>
    </ClInclude>
    <ClInclude Include="External\Nlohmann\detail\json_ref.hpp">
      <Filter>External\Nlohmann</Filter>
    </ClInclude>
    <ClInclude Include="External\Nlohmann\detail\iterators\json_reverse_iterator.hpp">
      <Filter>External\Nlohmann</Filter>
    </ClInclude>
    <ClInclude Include="External\Nlohmann\detail\input\json_sax.hpp">
      <Filter>External\Nlohmann</Filter>
    </ClInclude>
    <ClInclude Include="External\Nlohmann\detail\input\lexer.hpp">
      <Filter>External\Nlohmann</Filter>
    </ClInclude>
    <ClInclude Include="External\Nlohmann\detail\macro_scope.hpp">
      <Filter>External\Nlohmann</Filter>
    </ClInclude>
    <ClInclude Include="External\Nlohmann\detail\macro_unscope.hpp">
      <Filter>External\Nlohmann</Filter>
    </ClInclude>
    <ClInclude Include="External\Nlohmann\ordered_map.hpp">
      <Filter>External\Nlohmann</Filter>
    </ClInclude>
    <ClInclude Include="External\Nlohmann\detail\output\output_adapters.hpp">
      <Filter>External\Nlohmann</Filter>
    </ClInclude>
    <ClInclude Include="External\Nlohmann\detail\input\parser.hpp">
      <Filter>External\Nlohmann</Filter>
    </ClInclude>
    <ClInclude Include="External\Nlohmann\detail\input\position_t.hpp">
      <Filter>External\Nlohmann</Filter>
    </ClInclude>
    <ClInclude Include="External\Nlohmann\detail\iterators\primitive_iterator.hpp">
      <Filter>External\Nlohmann</Filter>
    </ClInclude>
    <ClInclude Include="External\Nlohmann\detail\output\serializer.hpp">
      <Filter>External\Nlohmann</Filter>
    </ClInclude>
    <ClInclude Include="External\Nlohmann\detail\meta\std_fs.hpp">
      <Filter>External\Nlohmann</Filter>
    </ClInclude>
    <ClInclude Include="External\Nlohmann\detail\string_concat.hpp">
      <Filter>External\Nlohmann</Filter>
    </ClInclude>
    <ClInclude Include="External\Nlohmann\detail\string_escape.hpp">
      <Filter>External\Nlohmann</Filter>
    </ClInclude>
    <ClInclude Include="External\Nlohmann\detail\conversions\to_chars.hpp">
      <Filter>External\Nlohmann</Filter>
    </ClInclude>
    <ClInclude Include="External\Nlohmann\detail\conversions\to_json.hpp">
      <Filter>External\Nlohmann</Filter>
    </ClInclude>
    <ClInclude Include="External\Nlohmann\detail\meta\type_traits.hpp">
      <Filter>External\Nlohmann</Filter>
    </ClInclude>
    <ClInclude Include="External\Nlohmann\detail\value_t.hpp">
      <Filter>External\Nlohmann</Filter>
    </ClInclude>
    <ClInclude Include="External\Nlohmann\detail\meta\void_t.hpp">
      <Filter>External\Nlohmann</Filter>
    </ClInclude>
    <ClInclude Include="LSUUID.h">
      <Filter>Header\Tools</Filter>
    </ClInclude>
    <ClInclude Include="JsonUtils.h">
      <Filter>Header\Tools</Filter>
    </ClInclude>
    <ClInclude Include="External\ImGuiFileDialog\stb\stb_image_resize.h">
      <Filter>External\ImGuiFileDialog</Filter>
    </ClInclude>
    <ClInclude Include="External\ImGuiFileDialog\dirent\dirent.h">
      <Filter>External\ImGuiFileDialog</Filter>
    </ClInclude>
    <ClInclude Include="External\ImGuiFileDialog\ImGuiFileDialog.h">
      <Filter>External\ImGuiFileDialog</Filter>
    </ClInclude>
    <ClInclude Include="External\ImGuiFileDialog\ImGuiFileDialogConfig.h">
      <Filter>External\ImGuiFileDialog</Filter>
    </ClInclude>
    <ClInclude Include="External\ImGuiFileDialog\stb\stb_image.h">
      <Filter>External\ImGuiFileDialog</Filter>
    </ClInclude>
    <ClInclude Include="External\ImGuizmo\GraphEditor.h">
      <Filter>External\ImGuizmo</Filter>
    </ClInclude>
    <ClInclude Include="External\ImGuizmo\ImCurveEdit.h">
      <Filter>External\ImGuizmo</Filter>
    </ClInclude>
    <ClInclude Include="External\ImGuizmo\ImGradient.h">
      <Filter>External\ImGuizmo</Filter>
    </ClInclude>
    <ClInclude Include="External\ImGuizmo\ImGuizmo.h">
      <Filter>External\ImGuizmo</Filter>
    </ClInclude>
    <ClInclude Include="External\ImGuizmo\ImSequencer.h">
      <Filter>External\ImGuizmo</Filter>
    </ClInclude>
    <ClInclude Include="External\ImGuizmo\ImZoomSlider.h">
      <Filter>External\ImGuizmo</Filter>
    </ClInclude>
    <ClInclude Include="SegmentLibrary.h">
      <Filter>Header\Core\Segments</Filter>
    </ClInclude>
    <ClInclude Include="LibraryFolder.h">
      <Filter>Header\Data</Filter>
    </ClInclude>
    <ClInclude Include="Resource.h">
      <Filter>Header\Data\Resources</Filter>
    </ClInclude>
    <ClInclude Include="ResourceTexture.h">
      <Filter>Header\Data\Resources</Filter>
    </ClInclude>
    <ClInclude Include="ModuleResources.h">
      <Filter>Header\Core\Modules</Filter>
    </ClInclude>
    <ClInclude Include="ResourceModel.h">
      <Filter>Header\Data\Resources</Filter>
    </ClInclude>
    <ClInclude Include="ShaderManager.h">
      <Filter>Header\Core\Render\Shaders</Filter>
    </ClInclude>
    <ClInclude Include="Shader.h">
      <Filter>Header\Core\Render\Shaders</Filter>
    </ClInclude>
    <ClInclude Include="BaseShaders.h">
      <Filter>Header\Core\Render\Shaders</Filter>
    </ClInclude>
    <ClInclude Include="ResourceShader.h">
      <Filter>Header\Data\Resources</Filter>
    </ClInclude>
    <ClInclude Include="CompMaterial.h">
      <Filter>Header\Components</Filter>
    </ClInclude>
    <ClInclude Include="SegmentShaderText.h">
      <Filter>Header\Core\Segments</Filter>
    </ClInclude>
    <ClInclude Include="External\ImGuiColorTextEdit\TextEditor.h">
      <Filter>External\ImGuiColorTextEdit</Filter>
    </ClInclude>
    <ClInclude Include="Material.h">
      <Filter>Header\Core\Render\Materials</Filter>
    </ClInclude>
    <ClInclude Include="ResourceMaterial.h">
      <Filter>Header\Data\Resources</Filter>
    </ClInclude>
    <ClInclude Include="ShaderUniform.h">
      <Filter>Header\Core\Render\Shaders</Filter>
    </ClInclude>
  </ItemGroup>
  <ItemGroup>
    <Filter Include="Source">
      <UniqueIdentifier>{81089c4c-00d7-4cf9-8692-453b35c259e9}</UniqueIdentifier>
    </Filter>
    <Filter Include="Source\Tools">
      <UniqueIdentifier>{a75a7761-695b-4845-b1a7-e6054534fdb4}</UniqueIdentifier>
    </Filter>
    <Filter Include="Source\Globals">
      <UniqueIdentifier>{72feaffe-1683-462c-a26a-fcf5a07ecbbc}</UniqueIdentifier>
    </Filter>
    <Filter Include="Source\Core">
      <UniqueIdentifier>{c1446820-54c5-4197-b73c-9a6c06145bd7}</UniqueIdentifier>
    </Filter>
    <Filter Include="Source\Core\Modules">
      <UniqueIdentifier>{8bd30d21-4b37-4c78-9725-d556c8bed01e}</UniqueIdentifier>
    </Filter>
    <Filter Include="External">
      <UniqueIdentifier>{1d199fcc-19f7-47ba-819d-7e7034f84c1e}</UniqueIdentifier>
    </Filter>
    <Filter Include="Header">
      <UniqueIdentifier>{f24c439f-ec71-4d60-ab6a-cae6cb289b37}</UniqueIdentifier>
    </Filter>
    <Filter Include="Header\Globals">
      <UniqueIdentifier>{c36bb433-1d52-4d78-b2b5-cca8ece82edd}</UniqueIdentifier>
    </Filter>
    <Filter Include="Header\Core">
      <UniqueIdentifier>{914ec73d-4a23-4448-936c-6aee6419dbdb}</UniqueIdentifier>
    </Filter>
    <Filter Include="Header\Core\Modules">
      <UniqueIdentifier>{ef86a9ed-0e93-4cb7-bd92-3cc8dd2eb29b}</UniqueIdentifier>
    </Filter>
    <Filter Include="External\ImGui">
      <UniqueIdentifier>{79515d50-c33e-4e0e-aadb-abaa99858060}</UniqueIdentifier>
    </Filter>
    <Filter Include="Header\Tools">
      <UniqueIdentifier>{c4b1881c-ed67-4a88-85ce-2a2b6dfd4796}</UniqueIdentifier>
    </Filter>
    <Filter Include="External\MathGeoLib">
      <UniqueIdentifier>{9a10caf7-0fb4-44ec-a20c-5f92d19d6090}</UniqueIdentifier>
    </Filter>
    <Filter Include="Header\Core\Segments">
      <UniqueIdentifier>{e839b8ee-fa0e-4750-8206-8a63aede297b}</UniqueIdentifier>
    </Filter>
    <Filter Include="Source\Core\Segments">
      <UniqueIdentifier>{f0d3c58e-3caa-44d0-b3a3-20cd718c03c2}</UniqueIdentifier>
    </Filter>
    <Filter Include="External\PugiXml">
      <UniqueIdentifier>{f8881b98-e933-410c-a28a-aa1bb21e9281}</UniqueIdentifier>
    </Filter>
    <Filter Include="Source\Core\Render">
      <UniqueIdentifier>{187aa605-02a2-43d0-ae04-e4020b139f66}</UniqueIdentifier>
    </Filter>
    <Filter Include="Header\Core\Render">
      <UniqueIdentifier>{6a658b6b-685f-4368-8ef9-c552adf0d3cd}</UniqueIdentifier>
    </Filter>
    <Filter Include="Header\Data">
      <UniqueIdentifier>{f30258d8-ee07-4b72-83d8-5aa311529acf}</UniqueIdentifier>
    </Filter>
    <Filter Include="Header\Components">
      <UniqueIdentifier>{c3d00459-5a83-42bc-8b44-2e3d94b96891}</UniqueIdentifier>
    </Filter>
    <Filter Include="Source\Components">
      <UniqueIdentifier>{6c7edacd-4189-44ed-b82c-3ec70c6cb1ae}</UniqueIdentifier>
    </Filter>
    <Filter Include="Header\GameObjects">
      <UniqueIdentifier>{dce66f4e-3fb1-47b2-a91b-2187e72f21d3}</UniqueIdentifier>
    </Filter>
    <Filter Include="Source\Data">
      <UniqueIdentifier>{d52aab9c-2a65-421e-8df4-738ab49e465a}</UniqueIdentifier>
    </Filter>
    <Filter Include="External\DevIL">
      <UniqueIdentifier>{e7d5dc44-4c80-4814-91d0-8988f8177134}</UniqueIdentifier>
    </Filter>
    <Filter Include="External\GPUDetect">
      <UniqueIdentifier>{4d9f5588-83bb-4f86-9eec-c8b311941b7f}</UniqueIdentifier>
    </Filter>
    <Filter Include="External\Nlohmann">
      <UniqueIdentifier>{e4f3c438-cbe5-4ea7-8b3c-d50c57e817f8}</UniqueIdentifier>
    </Filter>
    <Filter Include="External\ImGuiFileDialog">
      <UniqueIdentifier>{2561d034-244e-4015-bad0-dc70598d01ca}</UniqueIdentifier>
    </Filter>
    <Filter Include="External\ImGuizmo">
      <UniqueIdentifier>{bc77e2e5-9cc4-4631-9348-9827441c9f9d}</UniqueIdentifier>
    </Filter>
    <Filter Include="Source\Core\GameObject">
      <UniqueIdentifier>{e510e1f8-6a62-44cc-92f6-d5e6ef696735}</UniqueIdentifier>
    </Filter>
    <Filter Include="Header\Data\Resources">
      <UniqueIdentifier>{902771c8-6447-4043-9f23-0e358ed54226}</UniqueIdentifier>
    </Filter>
    <Filter Include="Source\Data\Resources">
      <UniqueIdentifier>{75e913ae-d18c-4a8a-b92d-04a003b58739}</UniqueIdentifier>
    </Filter>
    <Filter Include="Header\Core\Render\Shaders">
      <UniqueIdentifier>{eea95605-2781-4669-ab72-bd99a4516fac}</UniqueIdentifier>
    </Filter>
    <Filter Include="Source\Core\Render\Shaders">
      <UniqueIdentifier>{66b89705-7992-4470-8da2-eed16fefb345}</UniqueIdentifier>
    </Filter>
    <Filter Include="External\ImGuiColorTextEdit">
      <UniqueIdentifier>{af43323e-302e-4e20-89f6-77457a93c04b}</UniqueIdentifier>
    </Filter>
    <Filter Include="Header\Core\Render\Materials">
      <UniqueIdentifier>{10154ec3-81c5-450b-91c0-558bfee381df}</UniqueIdentifier>
    </Filter>
    <Filter Include="Source\Core\Render\Materials">
      <UniqueIdentifier>{13a05ca2-b3f7-4c42-ac61-4d9baa5aadd6}</UniqueIdentifier>
    </Filter>
  </ItemGroup>
  <ItemGroup>
    <None Include="External\MathGeoLib\include\Geometry\KDTree.inl">
      <Filter>External\MathGeoLib</Filter>
    </None>
    <None Include="External\MathGeoLib\include\Math\Matrix.inl">
      <Filter>External\MathGeoLib</Filter>
    </None>
    <None Include="External\MathGeoLib\include\Geometry\QuadTree.inl">
      <Filter>External\MathGeoLib</Filter>
    </None>
    <None Include="External\MathGeoLib\include\Geometry\TriangleMesh_IntersectRay_AVX.inl">
      <Filter>External\MathGeoLib</Filter>
    </None>
    <None Include="External\MathGeoLib\include\Geometry\TriangleMesh_IntersectRay_CPP.inl">
      <Filter>External\MathGeoLib</Filter>
    </None>
    <None Include="External\MathGeoLib\include\Geometry\TriangleMesh_IntersectRay_SSE.inl">
      <Filter>External\MathGeoLib</Filter>
    </None>
  </ItemGroup>
</Project>